
Microsoft Visual Studio Solution File, Format Version 12.00
# Visual Studio Version 17
VisualStudioVersion = 17.5.002.0
MinimumVisualStudioVersion = 10.0.40219.1
Project("{9A19103F-16F7-4668-BE54-9A1E7A4F7556}") = "controlecontas", "controlecontas.csproj", "{A5FC99FA-9DF4-442F-A770-2F1EDE30C4F3}"
EndProject
Global
	GlobalSection(SolutionConfigurationPlatforms) = preSolution
		Debug|Any CPU = Debug|Any CPU
		Release|Any CPU = Release|Any CPU
	EndGlobalSection
	GlobalSection(ProjectConfigurationPlatforms) = postSolution
		{A5FC99FA-9DF4-442F-A770-2F1EDE30C4F3}.Debug|Any CPU.ActiveCfg = Debug|Any CPU
		{A5FC99FA-9DF4-442F-A770-2F1EDE30C4F3}.Debug|Any CPU.Build.0 = Debug|Any CPU
		{A5FC99FA-9DF4-442F-A770-2F1EDE30C4F3}.Release|Any CPU.ActiveCfg = Release|Any CPU
		{A5FC99FA-9DF4-442F-A770-2F1EDE30C4F3}.Release|Any CPU.Build.0 = Release|Any CPU
	EndGlobalSection
	GlobalSection(SolutionProperties) = preSolution
		HideSolutionNode = FALSE
	EndGlobalSection
	GlobalSection(ExtensibilityGlobals) = postSolution
		SolutionGuid = {AA6A7C24-9069-410D-B30E-16DCDEA731E7}
	EndGlobalSection
EndGlobal
